// !$*UTF8*$!
{
	archiveVersion = 1;
	classes = {
	};
	objectVersion = 77;
	objects = {

/* Begin PBXContainerItemProxy section */
		CE2EDD1B2CC9618A00F97BDD /* PBXContainerItemProxy */ = {
			isa = PBXContainerItemProxy;
			containerPortal = CE2EDD022CC9618800F97BDD /* Project object */;
			proxyType = 1;
			remoteGlobalIDString = CE2EDD092CC9618800F97BDD;
			remoteInfo = SetStanford2023;
		};
		CE2EDD252CC9618A00F97BDD /* PBXContainerItemProxy */ = {
			isa = PBXContainerItemProxy;
			containerPortal = CE2EDD022CC9618800F97BDD /* Project object */;
			proxyType = 1;
			remoteGlobalIDString = CE2EDD092CC9618800F97BDD;
			remoteInfo = SetStanford2023;
		};
/* End PBXContainerItemProxy section */

/* Begin PBXFileReference section */
		CE2EDD0A2CC9618800F97BDD /* SetStanford2023.app */ = {isa = PBXFileReference; explicitFileType = wrapper.application; includeInIndex = 0; path = SetStanford2023.app; sourceTree = BUILT_PRODUCTS_DIR; };
		CE2EDD1A2CC9618A00F97BDD /* SetStanford2023Tests.xctest */ = {isa = PBXFileReference; explicitFileType = wrapper.cfbundle; includeInIndex = 0; path = SetStanford2023Tests.xctest; sourceTree = BUILT_PRODUCTS_DIR; };
		CE2EDD242CC9618A00F97BDD /* SetStanford2023UITests.xctest */ = {isa = PBXFileReference; explicitFileType = wrapper.cfbundle; includeInIndex = 0; path = SetStanford2023UITests.xctest; sourceTree = BUILT_PRODUCTS_DIR; };
/* End PBXFileReference section */

/* Begin PBXFileSystemSynchronizedRootGroup section */
		CE2EDD0C2CC9618800F97BDD /* SetStanford2023 */ = {
			isa = PBXFileSystemSynchronizedRootGroup;
			path = SetStanford2023;
			sourceTree = "<group>";
		};
		CE2EDD1D2CC9618A00F97BDD /* SetStanford2023Tests */ = {
			isa = PBXFileSystemSynchronizedRootGroup;
			path = SetStanford2023Tests;
			sourceTree = "<group>";
		};
		CE2EDD272CC9618A00F97BDD /* SetStanford2023UITests */ = {
			isa = PBXFileSystemSynchronizedRootGroup;
			path = SetStanford2023UITests;
			sourceTree = "<group>";
		};
/* End PBXFileSystemSynchronizedRootGroup section */

/* Begin PBXFrameworksBuildPhase section */
		CE2EDD072CC9618800F97BDD /* Frameworks */ = {
			isa = PBXFrameworksBuildPhase;
			buildActionMask = 2147483647;
			files = (
			);
			runOnlyForDeploymentPostprocessing = 0;
		};
		CE2EDD172CC9618A00F97BDD /* Frameworks */ = {
			isa = PBXFrameworksBuildPhase;
			buildActionMask = 2147483647;
			files = (
			);
			runOnlyForDeploymentPostprocessing = 0;
		};
		CE2EDD212CC9618A00F97BDD /* Frameworks */ = {
			isa = PBXFrameworksBuildPhase;
			buildActionMask = 2147483647;
			files = (
			);
			runOnlyForDeploymentPostprocessing = 0;
		};
/* End PBXFrameworksBuildPhase section */

/* Begin PBXGroup section */
		CE2EDD012CC9618800F97BDD = {
			isa = PBXGroup;
			children = (
				CE2EDD0C2CC9618800F97BDD /* SetStanford2023 */,
				CE2EDD1D2CC9618A00F97BDD /* SetStanford2023Tests */,
				CE2EDD272CC9618A00F97BDD /* SetStanford2023UITests */,
				CE2EDD0B2CC9618800F97BDD /* Products */,
			);
			sourceTree = "<group>";
		};
		CE2EDD0B2CC9618800F97BDD /* Products */ = {
			isa = PBXGroup;
			children = (
				CE2EDD0A2CC9618800F97BDD /* SetStanford2023.app */,
				CE2EDD1A2CC9618A00F97BDD /* SetStanford2023Tests.xctest */,
				CE2EDD242CC9618A00F97BDD /* SetStanford2023UITests.xctest */,
			);
			name = Products;
			sourceTree = "<group>";
		};
/* End PBXGroup section */

/* Begin PBXNativeTarget section */
		CE2EDD092CC9618800F97BDD /* SetStanford2023 */ = {
			isa = PBXNativeTarget;
			buildConfigurationList = CE2EDD2E2CC9618A00F97BDD /* Build configuration list for PBXNativeTarget "SetStanford2023" */;
			buildPhases = (
				CE2EDD062CC9618800F97BDD /* Sources */,
				CE2EDD072CC9618800F97BDD /* Frameworks */,
				CE2EDD082CC9618800F97BDD /* Resources */,
			);
			buildRules = (
			);
			dependencies = (
			);
			fileSystemSynchronizedGroups = (
				CE2EDD0C2CC9618800F97BDD /* SetStanford2023 */,
			);
			name = SetStanford2023;
			packageProductDependencies = (
			);
			productName = SetStanford2023;
			productReference = CE2EDD0A2CC9618800F97BDD /* SetStanford2023.app */;
			productType = "com.apple.product-type.application";
		};
		CE2EDD192CC9618A00F97BDD /* SetStanford2023Tests */ = {
			isa = PBXNativeTarget;
			buildConfigurationList = CE2EDD312CC9618A00F97BDD /* Build configuration list for PBXNativeTarget "SetStanford2023Tests" */;
			buildPhases = (
				CE2EDD162CC9618A00F97BDD /* Sources */,
				CE2EDD172CC9618A00F97BDD /* Frameworks */,
				CE2EDD182CC9618A00F97BDD /* Resources */,
			);
			buildRules = (
			);
			dependencies = (
				CE2EDD1C2CC9618A00F97BDD /* PBXTargetDependency */,
			);
			fileSystemSynchronizedGroups = (
				CE2EDD1D2CC9618A00F97BDD /* SetStanford2023Tests */,
			);
			name = SetStanford2023Tests;
			packageProductDependencies = (
			);
			productName = SetStanford2023Tests;
			productReference = CE2EDD1A2CC9618A00F97BDD /* SetStanford2023Tests.xctest */;
			productType = "com.apple.product-type.bundle.unit-test";
		};
		CE2EDD232CC9618A00F97BDD /* SetStanford2023UITests */ = {
			isa = PBXNativeTarget;
			buildConfigurationList = CE2EDD342CC9618A00F97BDD /* Build configuration list for PBXNativeTarget "SetStanford2023UITests" */;
			buildPhases = (
				CE2EDD202CC9618A00F97BDD /* Sources */,
				CE2EDD212CC9618A00F97BDD /* Frameworks */,
				CE2EDD222CC9618A00F97BDD /* Resources */,
			);
			buildRules = (
			);
			dependencies = (
				CE2EDD262CC9618A00F97BDD /* PBXTargetDependency */,
			);
			fileSystemSynchronizedGroups = (
				CE2EDD272CC9618A00F97BDD /* SetStanford2023UITests */,
			);
			name = SetStanford2023UITests;
			packageProductDependencies = (
			);
			productName = SetStanford2023UITests;
			productReference = CE2EDD242CC9618A00F97BDD /* SetStanford2023UITests.xctest */;
			productType = "com.apple.product-type.bundle.ui-testing";
		};
/* End PBXNativeTarget section */

/* Begin PBXProject section */
		CE2EDD022CC9618800F97BDD /* Project object */ = {
			isa = PBXProject;
			attributes = {
				BuildIndependentTargetsInParallel = 1;
				LastSwiftUpdateCheck = 1600;
				LastUpgradeCheck = 1600;
				TargetAttributes = {
					CE2EDD092CC9618800F97BDD = {
						CreatedOnToolsVersion = 16.0;
					};
					CE2EDD192CC9618A00F97BDD = {
						CreatedOnToolsVersion = 16.0;
						TestTargetID = CE2EDD092CC9618800F97BDD;
					};
					CE2EDD232CC9618A00F97BDD = {
						CreatedOnToolsVersion = 16.0;
						TestTargetID = CE2EDD092CC9618800F97BDD;
					};
				};
			};
			buildConfigurationList = CE2EDD052CC9618800F97BDD /* Build configuration list for PBXProject "SetStanford2023" */;
			developmentRegion = en;
			hasScannedForEncodings = 0;
			knownRegions = (
				en,
				Base,
			);
			mainGroup = CE2EDD012CC9618800F97BDD;
			minimizedProjectReferenceProxies = 1;
			preferredProjectObjectVersion = 77;
			productRefGroup = CE2EDD0B2CC9618800F97BDD /* Products */;
			projectDirPath = "";
			projectRoot = "";
			targets = (
				CE2EDD092CC9618800F97BDD /* SetStanford2023 */,
				CE2EDD192CC9618A00F97BDD /* SetStanford2023Tests */,
				CE2EDD232CC9618A00F97BDD /* SetStanford2023UITests */,
			);
		};
/* End PBXProject section */

/* Begin PBXResourcesBuildPhase section */
		CE2EDD082CC9618800F97BDD /* Resources */ = {
			isa = PBXResourcesBuildPhase;
			buildActionMask = 2147483647;
			files = (
			);
			runOnlyForDeploymentPostprocessing = 0;
		};
		CE2EDD182CC9618A00F97BDD /* Resources */ = {
			isa = PBXResourcesBuildPhase;
			buildActionMask = 2147483647;
			files = (
			);
			runOnlyForDeploymentPostprocessing = 0;
		};
		CE2EDD222CC9618A00F97BDD /* Resources */ = {
			isa = PBXResourcesBuildPhase;
			buildActionMask = 2147483647;
			files = (
			);
			runOnlyForDeploymentPostprocessing = 0;
		};
/* End PBXResourcesBuildPhase section */

/* Begin PBXSourcesBuildPhase section */
		CE2EDD062CC9618800F97BDD /* Sources */ = {
			isa = PBXSourcesBuildPhase;
			buildActionMask = 2147483647;
			files = (
			);
			runOnlyForDeploymentPostprocessing = 0;
		};
		CE2EDD162CC9618A00F97BDD /* Sources */ = {
			isa = PBXSourcesBuildPhase;
			buildActionMask = 2147483647;
			files = (
			);
			runOnlyForDeploymentPostprocessing = 0;
		};
		CE2EDD202CC9618A00F97BDD /* Sources */ = {
			isa = PBXSourcesBuildPhase;
			buildActionMask = 2147483647;
			files = (
			);
			runOnlyForDeploymentPostprocessing = 0;
		};
/* End PBXSourcesBuildPhase section */

/* Begin PBXTargetDependency section */
		CE2EDD1C2CC9618A00F97BDD /* PBXTargetDependency */ = {
			isa = PBXTargetDependency;
			target = CE2EDD092CC9618800F97BDD /* SetStanford2023 */;
			targetProxy = CE2EDD1B2CC9618A00F97BDD /* PBXContainerItemProxy */;
		};
		CE2EDD262CC9618A00F97BDD /* PBXTargetDependency */ = {
			isa = PBXTargetDependency;
			target = CE2EDD092CC9618800F97BDD /* SetStanford2023 */;
			targetProxy = CE2EDD252CC9618A00F97BDD /* PBXContainerItemProxy */;
		};
/* End PBXTargetDependency section */

/* Begin XCBuildConfiguration section */
		CE2EDD2C2CC9618A00F97BDD /* Debug */ = {
			isa = XCBuildConfiguration;
			buildSettings = {
				ALWAYS_SEARCH_USER_PATHS = NO;
				ASSETCATALOG_COMPILER_GENERATE_SWIFT_ASSET_SYMBOL_EXTENSIONS = YES;
				CLANG_ANALYZER_NONNULL = YES;
				CLANG_ANALYZER_NUMBER_OBJECT_CONVERSION = YES_AGGRESSIVE;
				CLANG_CXX_LANGUAGE_STANDARD = "gnu++20";
				CLANG_ENABLE_MODULES = YES;
				CLANG_ENABLE_OBJC_ARC = YES;
				CLANG_ENABLE_OBJC_WEAK = YES;
				CLANG_WARN_BLOCK_CAPTURE_AUTORELEASING = YES;
				CLANG_WARN_BOOL_CONVERSION = YES;
				CLANG_WARN_COMMA = YES;
				CLANG_WARN_CONSTANT_CONVERSION = YES;
				CLANG_WARN_DEPRECATED_OBJC_IMPLEMENTATIONS = YES;
				CLANG_WARN_DIRECT_OBJC_ISA_USAGE = YES_ERROR;
				CLANG_WARN_DOCUMENTATION_COMMENTS = YES;
				CLANG_WARN_EMPTY_BODY = YES;
				CLANG_WARN_ENUM_CONVERSION = YES;
				CLANG_WARN_INFINITE_RECURSION = YES;
				CLANG_WARN_INT_CONVERSION = YES;
				CLANG_WARN_NON_LITERAL_NULL_CONVERSION = YES;
				CLANG_WARN_OBJC_IMPLICIT_RETAIN_SELF = YES;
				CLANG_WARN_OBJC_LITERAL_CONVERSION = YES;
				CLANG_WARN_OBJC_ROOT_CLASS = YES_ERROR;
				CLANG_WARN_QUOTED_INCLUDE_IN_FRAMEWORK_HEADER = YES;
				CLANG_WARN_RANGE_LOOP_ANALYSIS = YES;
				CLANG_WARN_STRICT_PROTOTYPES = YES;
				CLANG_WARN_SUSPICIOUS_MOVE = YES;
				CLANG_WARN_UNGUARDED_AVAILABILITY = YES_AGGRESSIVE;
				CLANG_WARN_UNREACHABLE_CODE = YES;
				CLANG_WARN__DUPLICATE_METHOD_MATCH = YES;
				COPY_PHASE_STRIP = NO;
				DEBUG_INFORMATION_FORMAT = dwarf;
				ENABLE_STRICT_OBJC_MSGSEND = YES;
				ENABLE_TESTABILITY = YES;
				ENABLE_USER_SCRIPT_SANDBOXING = YES;
				GCC_C_LANGUAGE_STANDARD = gnu17;
				GCC_DYNAMIC_NO_PIC = NO;
				GCC_NO_COMMON_BLOCKS = YES;
				GCC_OPTIMIZATION_LEVEL = 0;
				GCC_PREPROCESSOR_DEFINITIONS = (
					"DEBUG=1",
					"$(inherited)",
				);
				GCC_WARN_64_TO_32_BIT_CONVERSION = YES;
				GCC_WARN_ABOUT_RETURN_TYPE = YES_ERROR;
				GCC_WARN_UNDECLARED_SELECTOR = YES;
				GCC_WARN_UNINITIALIZED_AUTOS = YES_AGGRESSIVE;
				GCC_WARN_UNUSED_FUNCTION = YES;
				GCC_WARN_UNUSED_VARIABLE = YES;
				IPHONEOS_DEPLOYMENT_TARGET = 18.0;
				LOCALIZATION_PREFERS_STRING_CATALOGS = YES;
				MTL_ENABLE_DEBUG_INFO = INCLUDE_SOURCE;
				MTL_FAST_MATH = YES;
				ONLY_ACTIVE_ARCH = YES;
				SDKROOT = iphoneos;
				SWIFT_ACTIVE_COMPILATION_CONDITIONS = "DEBUG $(inherited)";
				SWIFT_OPTIMIZATION_LEVEL = "-Onone";
			};
			name = Debug;
		};
		CE2EDD2D2CC9618A00F97BDD /* Release */ = {
			isa = XCBuildConfiguration;
			buildSettings = {
				ALWAYS_SEARCH_USER_PATHS = NO;
				ASSETCATALOG_COMPILER_GENERATE_SWIFT_ASSET_SYMBOL_EXTENSIONS = YES;
				CLANG_ANALYZER_NONNULL = YES;
				CLANG_ANALYZER_NUMBER_OBJECT_CONVERSION = YES_AGGRESSIVE;
				CLANG_CXX_LANGUAGE_STANDARD = "gnu++20";
				CLANG_ENABLE_MODULES = YES;
				CLANG_ENABLE_OBJC_ARC = YES;
				CLANG_ENABLE_OBJC_WEAK = YES;
				CLANG_WARN_BLOCK_CAPTURE_AUTORELEASING = YES;
				CLANG_WARN_BOOL_CONVERSION = YES;
				CLANG_WARN_COMMA = YES;
				CLANG_WARN_CONSTANT_CONVERSION = YES;
				CLANG_WARN_DEPRECATED_OBJC_IMPLEMENTATIONS = YES;
				CLANG_WARN_DIRECT_OBJC_ISA_USAGE = YES_ERROR;
				CLANG_WARN_DOCUMENTATION_COMMENTS = YES;
				CLANG_WARN_EMPTY_BODY = YES;
				CLANG_WARN_ENUM_CONVERSION = YES;
				CLANG_WARN_INFINITE_RECURSION = YES;
				CLANG_WARN_INT_CONVERSION = YES;
				CLANG_WARN_NON_LITERAL_NULL_CONVERSION = YES;
				CLANG_WARN_OBJC_IMPLICIT_RETAIN_SELF = YES;
				CLANG_WARN_OBJC_LITERAL_CONVERSION = YES;
				CLANG_WARN_OBJC_ROOT_CLASS = YES_ERROR;
				CLANG_WARN_QUOTED_INCLUDE_IN_FRAMEWORK_HEADER = YES;
				CLANG_WARN_RANGE_LOOP_ANALYSIS = YES;
				CLANG_WARN_STRICT_PROTOTYPES = YES;
				CLANG_WARN_SUSPICIOUS_MOVE = YES;
				CLANG_WARN_UNGUARDED_AVAILABILITY = YES_AGGRESSIVE;
				CLANG_WARN_UNREACHABLE_CODE = YES;
				CLANG_WARN__DUPLICATE_METHOD_MATCH = YES;
				COPY_PHASE_STRIP = NO;
				DEBUG_INFORMATION_FORMAT = "dwarf-with-dsym";
				ENABLE_NS_ASSERTIONS = NO;
				ENABLE_STRICT_OBJC_MSGSEND = YES;
				ENABLE_USER_SCRIPT_SANDBOXING = YES;
				GCC_C_LANGUAGE_STANDARD = gnu17;
				GCC_NO_COMMON_BLOCKS = YES;
				GCC_WARN_64_TO_32_BIT_CONVERSION = YES;
				GCC_WARN_ABOUT_RETURN_TYPE = YES_ERROR;
				GCC_WARN_UNDECLARED_SELECTOR = YES;
				GCC_WARN_UNINITIALIZED_AUTOS = YES_AGGRESSIVE;
				GCC_WARN_UNUSED_FUNCTION = YES;
				GCC_WARN_UNUSED_VARIABLE = YES;
				IPHONEOS_DEPLOYMENT_TARGET = 18.0;
				LOCALIZATION_PREFERS_STRING_CATALOGS = YES;
				MTL_ENABLE_DEBUG_INFO = NO;
				MTL_FAST_MATH = YES;
				SDKROOT = iphoneos;
				SWIFT_COMPILATION_MODE = wholemodule;
				VALIDATE_PRODUCT = YES;
			};
			name = Release;
		};
		CE2EDD2F2CC9618A00F97BDD /* Debug */ = {
			isa = XCBuildConfiguration;
			buildSettings = {
				ASSETCATALOG_COMPILER_APPICON_NAME = AppIcon;
				ASSETCATALOG_COMPILER_GLOBAL_ACCENT_COLOR_NAME = AccentColor;
				CODE_SIGN_STYLE = Automatic;
				CURRENT_PROJECT_VERSION = 1;
				DEVELOPMENT_ASSET_PATHS = "\"SetStanford2023/Preview Content\"";
				DEVELOPMENT_TEAM = "";
				ENABLE_PREVIEWS = YES;
				GENERATE_INFOPLIST_FILE = YES;
				INFOPLIST_KEY_UIApplicationSceneManifest_Generation = YES;
				INFOPLIST_KEY_UIApplicationSupportsIndirectInputEvents = YES;
				INFOPLIST_KEY_UILaunchScreen_Generation = YES;
				INFOPLIST_KEY_UISupportedInterfaceOrientations_iPad = "UIInterfaceOrientationPortrait UIInterfaceOrientationPortraitUpsideDown UIInterfaceOrientationLandscapeLeft UIInterfaceOrientationLandscapeRight";
				INFOPLIST_KEY_UISupportedInterfaceOrientations_iPhone = "UIInterfaceOrientationPortrait UIInterfaceOrientationLandscapeLeft UIInterfaceOrientationLandscapeRight";
				IPHONEOS_DEPLOYMENT_TARGET = 17.6;
				LD_RUNPATH_SEARCH_PATHS = (
					"$(inherited)",
					"@executable_path/Frameworks",
				);
				MARKETING_VERSION = 1.0;
				PRODUCT_BUNDLE_IDENTIFIER = "n-.SetStanford2023";
				PRODUCT_NAME = "$(TARGET_NAME)";
				SWIFT_EMIT_LOC_STRINGS = YES;
				SWIFT_VERSION = 5.0;
				TARGETED_DEVICE_FAMILY = "1,2";
			};
			name = Debug;
		};
		CE2EDD302CC9618A00F97BDD /* Release */ = {
			isa = XCBuildConfiguration;
			buildSettings = {
				ASSETCATALOG_COMPILER_APPICON_NAME = AppIcon;
				ASSETCATALOG_COMPILER_GLOBAL_ACCENT_COLOR_NAME = AccentColor;
				CODE_SIGN_STYLE = Automatic;
				CURRENT_PROJECT_VERSION = 1;
				DEVELOPMENT_ASSET_PATHS = "\"SetStanford2023/Preview Content\"";
				DEVELOPMENT_TEAM = "";
				ENABLE_PREVIEWS = YES;
				GENERATE_INFOPLIST_FILE = YES;
				INFOPLIST_KEY_UIApplicationSceneManifest_Generation = YES;
				INFOPLIST_KEY_UIApplicationSupportsIndirectInputEvents = YES;
				INFOPLIST_KEY_UILaunchScreen_Generation = YES;
				INFOPLIST_KEY_UISupportedInterfaceOrientations_iPad = "UIInterfaceOrientationPortrait UIInterfaceOrientationPortraitUpsideDown UIInterfaceOrientationLandscapeLeft UIInterfaceOrientationLandscapeRight";
				INFOPLIST_KEY_UISupportedInterfaceOrientations_iPhone = "UIInterfaceOrientationPortrait UIInterfaceOrientationLandscapeLeft UIInterfaceOrientationLandscapeRight";
				IPHONEOS_DEPLOYMENT_TARGET = 17.6;
				LD_RUNPATH_SEARCH_PATHS = (
					"$(inherited)",
					"@executable_path/Frameworks",
				);
				MARKETING_VERSION = 1.0;
				PRODUCT_BUNDLE_IDENTIFIER = "n-.SetStanford2023";
				PRODUCT_NAME = "$(TARGET_NAME)";
				SWIFT_EMIT_LOC_STRINGS = YES;
				SWIFT_VERSION = 5.0;
				TARGETED_DEVICE_FAMILY = "1,2";
			};
			name = Release;
		};
		CE2EDD322CC9618A00F97BDD /* Debug */ = {
			isa = XCBuildConfiguration;
			buildSettings = {
				BUNDLE_LOADER = "$(TEST_HOST)";
				CODE_SIGN_STYLE = Automatic;
				CURRENT_PROJECT_VERSION = 1;
				DEVELOPMENT_TEAM = "";
				GENERATE_INFOPLIST_FILE = YES;
				IPHONEOS_DEPLOYMENT_TARGET = 18.0;
				MARKETING_VERSION = 1.0;
				PRODUCT_BUNDLE_IDENTIFIER = "n-.SetStanford2023Tests";
				PRODUCT_NAME = "$(TARGET_NAME)";
				SWIFT_EMIT_LOC_STRINGS = NO;
				SWIFT_VERSION = 5.0;
				TARGETED_DEVICE_FAMILY = "1,2";
				TEST_HOST = "$(BUILT_PRODUCTS_DIR)/SetStanford2023.app/$(BUNDLE_EXECUTABLE_FOLDER_PATH)/SetStanford2023";
			};
			name = Debug;
		};
		CE2EDD332CC9618A00F97BDD /* Release */ = {
			isa = XCBuildConfiguration;
			buildSettings = {
				BUNDLE_LOADER = "$(TEST_HOST)";
				CODE_SIGN_STYLE = Automatic;
				CURRENT_PROJECT_VERSION = 1;
				DEVELOPMENT_TEAM = "";
				GENERATE_INFOPLIST_FILE = YES;
				IPHONEOS_DEPLOYMENT_TARGET = 18.0;
				MARKETING_VERSION = 1.0;
				PRODUCT_BUNDLE_IDENTIFIER = "n-.SetStanford2023Tests";
				PRODUCT_NAME = "$(TARGET_NAME)";
				SWIFT_EMIT_LOC_STRINGS = NO;
				SWIFT_VERSION = 5.0;
				TARGETED_DEVICE_FAMILY = "1,2";
				TEST_HOST = "$(BUILT_PRODUCTS_DIR)/SetStanford2023.app/$(BUNDLE_EXECUTABLE_FOLDER_PATH)/SetStanford2023";
			};
			name = Release;
		};
		CE2EDD352CC9618A00F97BDD /* Debug */ = {
			isa = XCBuildConfiguration;
			buildSettings = {
				CODE_SIGN_STYLE = Automatic;
				CURRENT_PROJECT_VERSION = 1;
				GENERATE_INFOPLIST_FILE = YES;
				MARKETING_VERSION = 1.0;
				PRODUCT_BUNDLE_IDENTIFIER = "n-.SetStanford2023UITests";
				PRODUCT_NAME = "$(TARGET_NAME)";
				SWIFT_EMIT_LOC_STRINGS = NO;
				SWIFT_VERSION = 5.0;
				TARGETED_DEVICE_FAMILY = "1,2";
				TEST_TARGET_NAME = SetStanford2023;
			};
			name = Debug;
		};
		CE2EDD362CC9618A00F97BDD /* Release */ = {
			isa = XCBuildConfiguration;
			buildSettings = {
				CODE_SIGN_STYLE = Automatic;
				CURRENT_PROJECT_VERSION = 1;
				GENERATE_INFOPLIST_FILE = YES;
				MARKETING_VERSION = 1.0;
				PRODUCT_BUNDLE_IDENTIFIER = "n-.SetStanford2023UITests";
				PRODUCT_NAME = "$(TARGET_NAME)";
				SWIFT_EMIT_LOC_STRINGS = NO;
				SWIFT_VERSION = 5.0;
				TARGETED_DEVICE_FAMILY = "1,2";
				TEST_TARGET_NAME = SetStanford2023;
			};
			name = Release;
		};
/* End XCBuildConfiguration section */

/* Begin XCConfigurationList section */
		CE2EDD052CC9618800F97BDD /* Build configuration list for PBXProject "SetStanford2023" */ = {
			isa = XCConfigurationList;
			buildConfigurations = (
				CE2EDD2C2CC9618A00F97BDD /* Debug */,
				CE2EDD2D2CC9618A00F97BDD /* Release */,
			);
			defaultConfigurationIsVisible = 0;
			defaultConfigurationName = Release;
		};
		CE2EDD2E2CC9618A00F97BDD /* Build configuration list for PBXNativeTarget "SetStanford2023" */ = {
			isa = XCConfigurationList;
			buildConfigurations = (
				CE2EDD2F2CC9618A00F97BDD /* Debug */,
				CE2EDD302CC9618A00F97BDD /* Release */,
			);
			defaultConfigurationIsVisible = 0;
			defaultConfigurationName = Release;
		};
		CE2EDD312CC9618A00F97BDD /* Build configuration list for PBXNativeTarget "SetStanford2023Tests" */ = {
			isa = XCConfigurationList;
			buildConfigurations = (
				CE2EDD322CC9618A00F97BDD /* Debug */,
				CE2EDD332CC9618A00F97BDD /* Release */,
			);
			defaultConfigurationIsVisible = 0;
			defaultConfigurationName = Release;
		};
		CE2EDD342CC9618A00F97BDD /* Build configuration list for PBXNativeTarget "SetStanford2023UITests" */ = {
			isa = XCConfigurationList;
			buildConfigurations = (
				CE2EDD352CC9618A00F97BDD /* Debug */,
				CE2EDD362CC9618A00F97BDD /* Release */,
			);
			defaultConfigurationIsVisible = 0;
			defaultConfigurationName = Release;
		};
/* End XCConfigurationList section */
	};
	rootObject = CE2EDD022CC9618800F97BDD /* Project object */;
}
